// !$*UTF8*$!
{
	archiveVersion = 1;
	classes = {
	};
	objectVersion = 46;
	objects = {

/* Begin PBXBuildFile section */
		0909CCFD1E279FB800502DA2 /* AppDelegate.swift in Sources */ = {isa = PBXBuildFile; fileRef = 0909CCF41E279FB800502DA2 /* AppDelegate.swift */; };
		0909CCFE1E279FB800502DA2 /* Assets.xcassets in Resources */ = {isa = PBXBuildFile; fileRef = 0909CCF51E279FB800502DA2 /* Assets.xcassets */; };
		0909CCFF1E279FB800502DA2 /* LaunchScreen.storyboard in Resources */ = {isa = PBXBuildFile; fileRef = 0909CCF61E279FB800502DA2 /* LaunchScreen.storyboard */; };
		0909CD001E279FB800502DA2 /* Main.storyboard in Resources */ = {isa = PBXBuildFile; fileRef = 0909CCF81E279FB800502DA2 /* Main.storyboard */; };
		0909CD021E279FB800502DA2 /* sample.txt in Resources */ = {isa = PBXBuildFile; fileRef = 0909CCFB1E279FB800502DA2 /* sample.txt */; };
		0909CD031E279FB800502DA2 /* ViewController.swift in Sources */ = {isa = PBXBuildFile; fileRef = 0909CCFC1E279FB800502DA2 /* ViewController.swift */; };
/* End PBXBuildFile section */

/* Begin PBXFileReference section */
		0909CCF41E279FB800502DA2 /* AppDelegate.swift */ = {isa = PBXFileReference; fileEncoding = 4; lastKnownFileType = sourcecode.swift; path = AppDelegate.swift; sourceTree = "<group>"; };
		0909CCF51E279FB800502DA2 /* Assets.xcassets */ = {isa = PBXFileReference; lastKnownFileType = folder.assetcatalog; path = Assets.xcassets; sourceTree = "<group>"; };
		0909CCF71E279FB800502DA2 /* Base */ = {isa = PBXFileReference; lastKnownFileType = file.storyboard; name = Base; path = Base.lproj/LaunchScreen.storyboard; sourceTree = "<group>"; };
		0909CCF91E279FB800502DA2 /* Base */ = {isa = PBXFileReference; lastKnownFileType = file.storyboard; name = Base; path = Base.lproj/Main.storyboard; sourceTree = "<group>"; };
		0909CCFA1E279FB800502DA2 /* Info.plist */ = {isa = PBXFileReference; fileEncoding = 4; lastKnownFileType = text.plist.xml; path = Info.plist; sourceTree = "<group>"; };
		0909CCFB1E279FB800502DA2 /* sample.txt */ = {isa = PBXFileReference; fileEncoding = 4; lastKnownFileType = text; path = sample.txt; sourceTree = "<group>"; };
		0909CCFC1E279FB800502DA2 /* ViewController.swift */ = {isa = PBXFileReference; fileEncoding = 4; lastKnownFileType = sourcecode.swift; path = ViewController.swift; sourceTree = "<group>"; };
		090D31231DD4BA2A003BAAA7 /* ShowTextFileData.app */ = {isa = PBXFileReference; explicitFileType = wrapper.application; includeInIndex = 0; path = ShowTextFileData.app; sourceTree = BUILT_PRODUCTS_DIR; };
/* End PBXFileReference section */

/* Begin PBXFrameworksBuildPhase section */
		090D31201DD4BA2A003BAAA7 /* Frameworks */ = {
			isa = PBXFrameworksBuildPhase;
			buildActionMask = 2147483647;
			files = (
			);
			runOnlyForDeploymentPostprocessing = 0;
		};
/* End PBXFrameworksBuildPhase section */

/* Begin PBXGroup section */
		0909CCF31E279FB800502DA2 /* ShowTextFileData */ = {
			isa = PBXGroup;
			children = (
				0909CCFB1E279FB800502DA2 /* sample.txt */,
				0909CCF41E279FB800502DA2 /* AppDelegate.swift */,
				0909CCFC1E279FB800502DA2 /* ViewController.swift */,
				0909CCF51E279FB800502DA2 /* Assets.xcassets */,
				0909CCF61E279FB800502DA2 /* LaunchScreen.storyboard */,
				0909CCF81E279FB800502DA2 /* Main.storyboard */,
				0909CCFA1E279FB800502DA2 /* Info.plist */,
			);
			path = ShowTextFileData;
			sourceTree = "<group>";
		};
		090D311A1DD4BA2A003BAAA7 = {
			isa = PBXGroup;
			children = (
				0909CCF31E279FB800502DA2 /* ShowTextFileData */,
				090D31241DD4BA2A003BAAA7 /* Products */,
			);
			sourceTree = "<group>";
		};
		090D31241DD4BA2A003BAAA7 /* Products */ = {
			isa = PBXGroup;
			children = (
				090D31231DD4BA2A003BAAA7 /* ShowTextFileData.app */,
			);
			name = Products;
			sourceTree = "<group>";
		};
/* End PBXGroup section */

/* Begin PBXNativeTarget section */
		090D31221DD4BA2A003BAAA7 /* ShowTextFileData */ = {
			isa = PBXNativeTarget;
			buildConfigurationList = 090D31351DD4BA2A003BAAA7 /* Build configuration list for PBXNativeTarget "ShowTextFileData" */;
			buildPhases = (
				090D311F1DD4BA2A003BAAA7 /* Sources */,
				090D31201DD4BA2A003BAAA7 /* Frameworks */,
				090D31211DD4BA2A003BAAA7 /* Resources */,
			);
			buildRules = (
			);
			dependencies = (
			);
			name = ShowTextFileData;
			productName = DataFromTextFile;
			productReference = 090D31231DD4BA2A003BAAA7 /* ShowTextFileData.app */;
			productType = "com.apple.product-type.application";
		};
/* End PBXNativeTarget section */

/* Begin PBXProject section */
		090D311B1DD4BA2A003BAAA7 /* Project object */ = {
			isa = PBXProject;
			attributes = {
				LastSwiftUpdateCheck = 0800;
				LastUpgradeCheck = 0810;
				ORGANIZATIONNAME = ajk;
				TargetAttributes = {
					090D31221DD4BA2A003BAAA7 = {
						CreatedOnToolsVersion = 8.0;
						LastSwiftMigration = 0810;
						ProvisioningStyle = Automatic;
					};
				};
			};
			buildConfigurationList = 090D311E1DD4BA2A003BAAA7 /* Build configuration list for PBXProject "ShowTextFileData" */;
			compatibilityVersion = "Xcode 3.2";
			developmentRegion = English;
			hasScannedForEncodings = 0;
			knownRegions = (
				en,
				Base,
			);
			mainGroup = 090D311A1DD4BA2A003BAAA7;
			productRefGroup = 090D31241DD4BA2A003BAAA7 /* Products */;
			projectDirPath = "";
			projectRoot = "";
			targets = (
				090D31221DD4BA2A003BAAA7 /* ShowTextFileData */,
			);
		};
/* End PBXProject section */

/* Begin PBXResourcesBuildPhase section */
		090D31211DD4BA2A003BAAA7 /* Resources */ = {
			isa = PBXResourcesBuildPhase;
			buildActionMask = 2147483647;
			files = (
				0909CD001E279FB800502DA2 /* Main.storyboard in Resources */,
				0909CCFE1E279FB800502DA2 /* Assets.xcassets in Resources */,
				0909CCFF1E279FB800502DA2 /* LaunchScreen.storyboard in Resources */,
				0909CD021E279FB800502DA2 /* sample.txt in Resources */,
			);
			runOnlyForDeploymentPostprocessing = 0;
		};
/* End PBXResourcesBuildPhase section */

/* Begin PBXSourcesBuildPhase section */
		090D311F1DD4BA2A003BAAA7 /* Sources */ = {
			isa = PBXSourcesBuildPhase;
			buildActionMask = 2147483647;
			files = (
				0909CD031E279FB800502DA2 /* ViewController.swift in Sources */,
				0909CCFD1E279FB800502DA2 /* AppDelegate.swift in Sources */,
			);
			runOnlyForDeploymentPostprocessing = 0;
		};
/* End PBXSourcesBuildPhase section */

/* Begin PBXVariantGroup section */
		0909CCF61E279FB800502DA2 /* LaunchScreen.storyboard */ = {
			isa = PBXVariantGroup;
			children = (
				0909CCF71E279FB800502DA2 /* Base */,
			);
			name = LaunchScreen.storyboard;
			sourceTree = "<group>";
		};
		0909CCF81E279FB800502DA2 /* Main.storyboard */ = {
			isa = PBXVariantGroup;
			children = (
				0909CCF91E279FB800502DA2 /* Base */,
			);
			name = Main.storyboard;
			sourceTree = "<group>";
		};
/* End PBXVariantGroup section */

/* Begin XCBuildConfiguration section */
		090D31331DD4BA2A003BAAA7 /* Debug */ = {
			isa = XCBuildConfiguration;
			buildSettings = {
				ALWAYS_SEARCH_USER_PATHS = NO;
				CLANG_ANALYZER_NONNULL = YES;
				CLANG_CXX_LANGUAGE_STANDARD = "gnu++0x";
				CLANG_CXX_LIBRARY = "libc++";
				CLANG_ENABLE_MODULES = YES;
				CLANG_ENABLE_OBJC_ARC = YES;
				CLANG_WARN_BOOL_CONVERSION = YES;
				CLANG_WARN_CONSTANT_CONVERSION = YES;
				CLANG_WARN_DIRECT_OBJC_ISA_USAGE = YES_ERROR;
				CLANG_WARN_DOCUMENTATION_COMMENTS = YES;
				CLANG_WARN_EMPTY_BODY = YES;
				CLANG_WARN_ENUM_CONVERSION = YES;
				CLANG_WARN_INFINITE_RECURSION = YES;
				CLANG_WARN_INT_CONVERSION = YES;
				CLANG_WARN_OBJC_ROOT_CLASS = YES_ERROR;
				CLANG_WARN_SUSPICIOUS_MOVE = YES;
				CLANG_WARN_SUSPICIOUS_MOVES = YES;
				CLANG_WARN_UNREACHABLE_CODE = YES;
				CLANG_WARN__DUPLICATE_METHOD_MATCH = YES;
				"CODE_SIGN_IDENTITY[sdk=iphoneos*]" = "iPhone Developer";
				COPY_PHASE_STRIP = NO;
				DEBUG_INFORMATION_FORMAT = dwarf;
				ENABLE_STRICT_OBJC_MSGSEND = YES;
				ENABLE_TESTABILITY = YES;
				GCC_C_LANGUAGE_STANDARD = gnu99;
				GCC_DYNAMIC_NO_PIC = NO;
				GCC_NO_COMMON_BLOCKS = YES;
				GCC_OPTIMIZATION_LEVEL = 0;
				GCC_PREPROCESSOR_DEFINITIONS = (
					"DEBUG=1",
					"$(inherited)",
				);
				GCC_WARN_64_TO_32_BIT_CONVERSION = YES;
				GCC_WARN_ABOUT_RETURN_TYPE = YES_ERROR;
				GCC_WARN_UNDECLARED_SELECTOR = YES;
				GCC_WARN_UNINITIALIZED_AUTOS = YES_AGGRESSIVE;
				GCC_WARN_UNUSED_FUNCTION = YES;
				GCC_WARN_UNUSED_VARIABLE = YES;
				IPHONEOS_DEPLOYMENT_TARGET = 10.0;
				MTL_ENABLE_DEBUG_INFO = YES;
				ONLY_ACTIVE_ARCH = YES;
				SDKROOT = iphoneos;
				SWIFT_ACTIVE_COMPILATION_CONDITIONS = DEBUG;
				SWIFT_OPTIMIZATION_LEVEL = "-Onone";
				TARGETED_DEVICE_FAMILY = "1,2";
			};
			name = Debug;
		};
		090D31341DD4BA2A003BAAA7 /* Release */ = {
			isa = XCBuildConfiguration;
			buildSettings = {
				ALWAYS_SEARCH_USER_PATHS = NO;
				CLANG_ANALYZER_NONNULL = YES;
				CLANG_CXX_LANGUAGE_STANDARD = "gnu++0x";
				CLANG_CXX_LIBRARY = "libc++";
				CLANG_ENABLE_MODULES = YES;
				CLANG_ENABLE_OBJC_ARC = YES;
				CLANG_WARN_BOOL_CONVERSION = YES;
				CLANG_WARN_CONSTANT_CONVERSION = YES;
				CLANG_WARN_DIRECT_OBJC_ISA_USAGE = YES_ERROR;
				CLANG_WARN_DOCUMENTATION_COMMENTS = YES;
				CLANG_WARN_EMPTY_BODY = YES;
				CLANG_WARN_ENUM_CONVERSION = YES;
				CLANG_WARN_INFINITE_RECURSION = YES;
				CLANG_WARN_INT_CONVERSION = YES;
				CLANG_WARN_OBJC_ROOT_CLASS = YES_ERROR;
				CLANG_WARN_SUSPICIOUS_MOVE = YES;
				CLANG_WARN_SUSPICIOUS_MOVES = YES;
				CLANG_WARN_UNREACHABLE_CODE = YES;
				CLANG_WARN__DUPLICATE_METHOD_MATCH = YES;
				"CODE_SIGN_IDENTITY[sdk=iphoneos*]" = "iPhone Developer";
				COPY_PHASE_STRIP = NO;
				DEBUG_INFORMATION_FORMAT = "dwarf-with-dsym";
				ENABLE_NS_ASSERTIONS = NO;
				ENABLE_STRICT_OBJC_MSGSEND = YES;
				GCC_C_LANGUAGE_STANDARD = gnu99;
				GCC_NO_COMMON_BLOCKS = YES;
				GCC_WARN_64_TO_32_BIT_CONVERSION = YES;
				GCC_WARN_ABOUT_RETURN_TYPE = YES_ERROR;
				GCC_WARN_UNDECLARED_SELECTOR = YES;
				GCC_WARN_UNINITIALIZED_AUTOS = YES_AGGRESSIVE;
				GCC_WARN_UNUSED_FUNCTION = YES;
				GCC_WARN_UNUSED_VARIABLE = YES;
				IPHONEOS_DEPLOYMENT_TARGET = 10.0;
				MTL_ENABLE_DEBUG_INFO = NO;
				SDKROOT = iphoneos;
				SWIFT_OPTIMIZATION_LEVEL = "-Owholemodule";
				TARGETED_DEVICE_FAMILY = "1,2";
				VALIDATE_PRODUCT = YES;
			};
			name = Release;
		};
		090D31361DD4BA2A003BAAA7 /* Debug */ = {
			isa = XCBuildConfiguration;
			buildSettings = {
				ASSETCATALOG_COMPILER_APPICON_NAME = AppIcon;
				CLANG_ENABLE_MODULES = YES;
				INFOPLIST_FILE = "$(SRCROOT)/ShowTextFileData/Info.plist";
				LD_RUNPATH_SEARCH_PATHS = "$(inherited) @executable_path/Frameworks";
				PRODUCT_BUNDLE_IDENTIFIER = com.ajk.DataFromTextFile;
				PRODUCT_NAME = "$(TARGET_NAME)";
				SWIFT_OPTIMIZATION_LEVEL = "-Onone";
				SWIFT_VERSION = 3.0;
			};
			name = Debug;
		};
		090D31371DD4BA2A003BAAA7 /* Release */ = {
			isa = XCBuildConfiguration;
			buildSettings = {
				ASSETCATALOG_COMPILER_APPICON_NAME = AppIcon;
				CLANG_ENABLE_MODULES = YES;
				INFOPLIST_FILE = "$(SRCROOT)/ShowTextFileData/Info.plist";
				LD_RUNPATH_SEARCH_PATHS = "$(inherited) @executable_path/Frameworks";
				PRODUCT_BUNDLE_IDENTIFIER = com.ajk.DataFromTextFile;
				PRODUCT_NAME = "$(TARGET_NAME)";
				SWIFT_VERSION = 3.0;
			};
			name = Release;
		};
/* End XCBuildConfiguration section */

/* Begin XCConfigurationList section */
		090D311E1DD4BA2A003BAAA7 /* Build configuration list for PBXProject "ShowTextFileData" */ = {
			isa = XCConfigurationList;
			buildConfigurations = (
				090D31331DD4BA2A003BAAA7 /* Debug */,
				090D31341DD4BA2A003BAAA7 /* Release */,
			);
			defaultConfigurationIsVisible = 0;
			defaultConfigurationName = Release;
		};
		090D31351DD4BA2A003BAAA7 /* Build configuration list for PBXNativeTarget "ShowTextFileData" */ = {
			isa = XCConfigurationList;
			buildConfigurations = (
				090D31361DD4BA2A003BAAA7 /* Debug */,
				090D31371DD4BA2A003BAAA7 /* Release */,
			);
			defaultConfigurationIsVisible = 0;
			defaultConfigurationName = Release;
		};
/* End XCConfigurationList section */
	};
	rootObject = 090D311B1DD4BA2A003BAAA7 /* Project object */;
}
